
Microsoft Visual Studio Solution File, Format Version 12.00
# Visual Studio Version 17
VisualStudioVersion = 17.4.33213.308
MinimumVisualStudioVersion = 10.0.40219.1
Project("{FAE04EC0-301F-11D3-BF4B-00C04F79EFBC}") = "ChatWebSocketsServer.API", "ChatWebSocketsServer.API\ChatWebSocketsServer.API.csproj", "{2329FFDD-C9A6-4CBB-9E57-6344F35C28D6}"
EndProject
Global
	GlobalSection(SolutionConfigurationPlatforms) = preSolution
		Debug|Any CPU = Debug|Any CPU
		Release|Any CPU = Release|Any CPU
	EndGlobalSection
	GlobalSection(ProjectConfigurationPlatforms) = postSolution
		{2329FFDD-C9A6-4CBB-9E57-6344F35C28D6}.Debug|Any CPU.ActiveCfg = Debug|Any CPU
		{2329FFDD-C9A6-4CBB-9E57-6344F35C28D6}.Debug|Any CPU.Build.0 = Debug|Any CPU
		{2329FFDD-C9A6-4CBB-9E57-6344F35C28D6}.Release|Any CPU.ActiveCfg = Release|Any CPU
		{2329FFDD-C9A6-4CBB-9E57-6344F35C28D6}.Release|Any CPU.Build.0 = Release|Any CPU
	EndGlobalSection
	GlobalSection(SolutionProperties) = preSolution
		HideSolutionNode = FALSE
	EndGlobalSection
	GlobalSection(ExtensibilityGlobals) = postSolution
		SolutionGuid = {84AE7372-FC16-455D-9CCB-5420F50958F5}
	EndGlobalSection
EndGlobal
